
Microsoft Visual Studio Solution File, Format Version 12.00
# Visual Studio 15
VisualStudioVersion = 15.0.27130.2027
MinimumVisualStudioVersion = 10.0.40219.1
Project("{FAE04EC0-301F-11D3-BF4B-00C04F79EFBC}") = "loginview.Android", "loginview\loginview.Android\loginview.Android.csproj", "{A8962F18-D500-4410-9620-33FDE70257EB}"
EndProject
Project("{FAE04EC0-301F-11D3-BF4B-00C04F79EFBC}") = "loginview.iOS", "loginview\loginview.iOS\loginview.iOS.csproj", "{FA8DD5E5-40B4-498C-B470-E10695CE9A67}"
EndProject
Project("{FAE04EC0-301F-11D3-BF4B-00C04F79EFBC}") = "loginview.UWP", "loginview\loginview.UWP\loginview.UWP.csproj", "{EDC4F81D-55AE-481F-9397-F94F38363147}"
EndProject
Project("{FAE04EC0-301F-11D3-BF4B-00C04F79EFBC}") = "loginview", "loginview\loginview\loginview.csproj", "{9FFDA83B-86DB-4216-A04F-4FA35DBCE6C0}"
EndProject
Global
	GlobalSection(SolutionConfigurationPlatforms) = preSolution
		Ad-Hoc|Any CPU = Ad-Hoc|Any CPU
		Ad-Hoc|ARM = Ad-Hoc|ARM
		Ad-Hoc|iPhone = Ad-Hoc|iPhone
		Ad-Hoc|iPhoneSimulator = Ad-Hoc|iPhoneSimulator
		Ad-Hoc|x64 = Ad-Hoc|x64
		Ad-Hoc|x86 = Ad-Hoc|x86
		AppStore|Any CPU = AppStore|Any CPU
		AppStore|ARM = AppStore|ARM
		AppStore|iPhone = AppStore|iPhone
		AppStore|iPhoneSimulator = AppStore|iPhoneSimulator
		AppStore|x64 = AppStore|x64
		AppStore|x86 = AppStore|x86
		Debug|Any CPU = Debug|Any CPU
		Debug|ARM = Debug|ARM
		Debug|iPhone = Debug|iPhone
		Debug|iPhoneSimulator = Debug|iPhoneSimulator
		Debug|x64 = Debug|x64
		Debug|x86 = Debug|x86
		Release|Any CPU = Release|Any CPU
		Release|ARM = Release|ARM
		Release|iPhone = Release|iPhone
		Release|iPhoneSimulator = Release|iPhoneSimulator
		Release|x64 = Release|x64
		Release|x86 = Release|x86
	EndGlobalSection
	GlobalSection(ProjectConfigurationPlatforms) = postSolution
		{A8962F18-D500-4410-9620-33FDE70257EB}.Ad-Hoc|Any CPU.ActiveCfg = Release|Any CPU
		{A8962F18-D500-4410-9620-33FDE70257EB}.Ad-Hoc|Any CPU.Build.0 = Release|Any CPU
		{A8962F18-D500-4410-9620-33FDE70257EB}.Ad-Hoc|Any CPU.Deploy.0 = Release|Any CPU
		{A8962F18-D500-4410-9620-33FDE70257EB}.Ad-Hoc|ARM.ActiveCfg = Release|Any CPU
		{A8962F18-D500-4410-9620-33FDE70257EB}.Ad-Hoc|ARM.Build.0 = Release|Any CPU
		{A8962F18-D500-4410-9620-33FDE70257EB}.Ad-Hoc|ARM.Deploy.0 = Release|Any CPU
		{A8962F18-D500-4410-9620-33FDE70257EB}.Ad-Hoc|iPhone.ActiveCfg = Release|Any CPU
		{A8962F18-D500-4410-9620-33FDE70257EB}.Ad-Hoc|iPhone.Build.0 = Release|Any CPU
		{A8962F18-D500-4410-9620-33FDE70257EB}.Ad-Hoc|iPhone.Deploy.0 = Release|Any CPU
		{A8962F18-D500-4410-9620-33FDE70257EB}.Ad-Hoc|iPhoneSimulator.ActiveCfg = Release|Any CPU
		{A8962F18-D500-4410-9620-33FDE70257EB}.Ad-Hoc|iPhoneSimulator.Build.0 = Release|Any CPU
		{A8962F18-D500-4410-9620-33FDE70257EB}.Ad-Hoc|iPhoneSimulator.Deploy.0 = Release|Any CPU
		{A8962F18-D500-4410-9620-33FDE70257EB}.Ad-Hoc|x64.ActiveCfg = Release|Any CPU
		{A8962F18-D500-4410-9620-33FDE70257EB}.Ad-Hoc|x64.Build.0 = Release|Any CPU
		{A8962F18-D500-4410-9620-33FDE70257EB}.Ad-Hoc|x64.Deploy.0 = Release|Any CPU
		{A8962F18-D500-4410-9620-33FDE70257EB}.Ad-Hoc|x86.ActiveCfg = Release|Any CPU
		{A8962F18-D500-4410-9620-33FDE70257EB}.Ad-Hoc|x86.Build.0 = Release|Any CPU
		{A8962F18-D500-4410-9620-33FDE70257EB}.Ad-Hoc|x86.Deploy.0 = Release|Any CPU
		{A8962F18-D500-4410-9620-33FDE70257EB}.AppStore|Any CPU.ActiveCfg = Release|Any CPU
		{A8962F18-D500-4410-9620-33FDE70257EB}.AppStore|Any CPU.Build.0 = Release|Any CPU
		{A8962F18-D500-4410-9620-33FDE70257EB}.AppStore|Any CPU.Deploy.0 = Release|Any CPU
		{A8962F18-D500-4410-9620-33FDE70257EB}.AppStore|ARM.ActiveCfg = Release|Any CPU
		{A8962F18-D500-4410-9620-33FDE70257EB}.AppStore|ARM.Build.0 = Release|Any CPU
		{A8962F18-D500-4410-9620-33FDE70257EB}.AppStore|ARM.Deploy.0 = Release|Any CPU
		{A8962F18-D500-4410-9620-33FDE70257EB}.AppStore|iPhone.ActiveCfg = Release|Any CPU
		{A8962F18-D500-4410-9620-33FDE70257EB}.AppStore|iPhone.Build.0 = Release|Any CPU
		{A8962F18-D500-4410-9620-33FDE70257EB}.AppStore|iPhone.Deploy.0 = Release|Any CPU
		{A8962F18-D500-4410-9620-33FDE70257EB}.AppStore|iPhoneSimulator.ActiveCfg = Release|Any CPU
		{A8962F18-D500-4410-9620-33FDE70257EB}.AppStore|iPhoneSimulator.Build.0 = Release|Any CPU
		{A8962F18-D500-4410-9620-33FDE70257EB}.AppStore|iPhoneSimulator.Deploy.0 = Release|Any CPU
		{A8962F18-D500-4410-9620-33FDE70257EB}.AppStore|x64.ActiveCfg = Release|Any CPU
		{A8962F18-D500-4410-9620-33FDE70257EB}.AppStore|x64.Build.0 = Release|Any CPU
		{A8962F18-D500-4410-9620-33FDE70257EB}.AppStore|x64.Deploy.0 = Release|Any CPU
		{A8962F18-D500-4410-9620-33FDE70257EB}.AppStore|x86.ActiveCfg = Release|Any CPU
		{A8962F18-D500-4410-9620-33FDE70257EB}.AppStore|x86.Build.0 = Release|Any CPU
		{A8962F18-D500-4410-9620-33FDE70257EB}.AppStore|x86.Deploy.0 = Release|Any CPU
		{A8962F18-D500-4410-9620-33FDE70257EB}.Debug|Any CPU.ActiveCfg = Debug|Any CPU
		{A8962F18-D500-4410-9620-33FDE70257EB}.Debug|Any CPU.Build.0 = Debug|Any CPU
		{A8962F18-D500-4410-9620-33FDE70257EB}.Debug|Any CPU.Deploy.0 = Debug|Any CPU
		{A8962F18-D500-4410-9620-33FDE70257EB}.Debug|ARM.ActiveCfg = Debug|Any CPU
		{A8962F18-D500-4410-9620-33FDE70257EB}.Debug|ARM.Build.0 = Debug|Any CPU
		{A8962F18-D500-4410-9620-33FDE70257EB}.Debug|ARM.Deploy.0 = Debug|Any CPU
		{A8962F18-D500-4410-9620-33FDE70257EB}.Debug|iPhone.ActiveCfg = Debug|Any CPU
		{A8962F18-D500-4410-9620-33FDE70257EB}.Debug|iPhone.Build.0 = Debug|Any CPU
		{A8962F18-D500-4410-9620-33FDE70257EB}.Debug|iPhone.Deploy.0 = Debug|Any CPU
		{A8962F18-D500-4410-9620-33FDE70257EB}.Debug|iPhoneSimulator.ActiveCfg = Debug|Any CPU
		{A8962F18-D500-4410-9620-33FDE70257EB}.Debug|iPhoneSimulator.Build.0 = Debug|Any CPU
		{A8962F18-D500-4410-9620-33FDE70257EB}.Debug|iPhoneSimulator.Deploy.0 = Debug|Any CPU
		{A8962F18-D500-4410-9620-33FDE70257EB}.Debug|x64.ActiveCfg = Debug|Any CPU
		{A8962F18-D500-4410-9620-33FDE70257EB}.Debug|x64.Build.0 = Debug|Any CPU
		{A8962F18-D500-4410-9620-33FDE70257EB}.Debug|x64.Deploy.0 = Debug|Any CPU
		{A8962F18-D500-4410-9620-33FDE70257EB}.Debug|x86.ActiveCfg = Debug|Any CPU
		{A8962F18-D500-4410-9620-33FDE70257EB}.Debug|x86.Build.0 = Debug|Any CPU
		{A8962F18-D500-4410-9620-33FDE70257EB}.Debug|x86.Deploy.0 = Debug|Any CPU
		{A8962F18-D500-4410-9620-33FDE70257EB}.Release|Any CPU.ActiveCfg = Release|Any CPU
		{A8962F18-D500-4410-9620-33FDE70257EB}.Release|Any CPU.Build.0 = Release|Any CPU
		{A8962F18-D500-4410-9620-33FDE70257EB}.Release|Any CPU.Deploy.0 = Release|Any CPU
		{A8962F18-D500-4410-9620-33FDE70257EB}.Release|ARM.ActiveCfg = Release|Any CPU
		{A8962F18-D500-4410-9620-33FDE70257EB}.Release|ARM.Build.0 = Release|Any CPU
		{A8962F18-D500-4410-9620-33FDE70257EB}.Release|ARM.Deploy.0 = Release|Any CPU
		{A8962F18-D500-4410-9620-33FDE70257EB}.Release|iPhone.ActiveCfg = Release|Any CPU
		{A8962F18-D500-4410-9620-33FDE70257EB}.Release|iPhone.Build.0 = Release|Any CPU
		{A8962F18-D500-4410-9620-33FDE70257EB}.Release|iPhone.Deploy.0 = Release|Any CPU
		{A8962F18-D500-4410-9620-33FDE70257EB}.Release|iPhoneSimulator.ActiveCfg = Release|Any CPU
		{A8962F18-D500-4410-9620-33FDE70257EB}.Release|iPhoneSimulator.Build.0 = Release|Any CPU
		{A8962F18-D500-4410-9620-33FDE70257EB}.Release|iPhoneSimulator.Deploy.0 = Release|Any CPU
		{A8962F18-D500-4410-9620-33FDE70257EB}.Release|x64.ActiveCfg = Release|Any CPU
		{A8962F18-D500-4410-9620-33FDE70257EB}.Release|x64.Build.0 = Release|Any CPU
		{A8962F18-D500-4410-9620-33FDE70257EB}.Release|x64.Deploy.0 = Release|Any CPU
		{A8962F18-D500-4410-9620-33FDE70257EB}.Release|x86.ActiveCfg = Release|Any CPU
		{A8962F18-D500-4410-9620-33FDE70257EB}.Release|x86.Build.0 = Release|Any CPU
		{A8962F18-D500-4410-9620-33FDE70257EB}.Release|x86.Deploy.0 = Release|Any CPU
		{FA8DD5E5-40B4-498C-B470-E10695CE9A67}.Ad-Hoc|Any CPU.ActiveCfg = Ad-Hoc|iPhone
		{FA8DD5E5-40B4-498C-B470-E10695CE9A67}.Ad-Hoc|ARM.ActiveCfg = Ad-Hoc|iPhone
		{FA8DD5E5-40B4-498C-B470-E10695CE9A67}.Ad-Hoc|iPhone.ActiveCfg = Ad-Hoc|iPhone
		{FA8DD5E5-40B4-498C-B470-E10695CE9A67}.Ad-Hoc|iPhone.Build.0 = Ad-Hoc|iPhone
		{FA8DD5E5-40B4-498C-B470-E10695CE9A67}.Ad-Hoc|iPhoneSimulator.ActiveCfg = Ad-Hoc|iPhoneSimulator
		{FA8DD5E5-40B4-498C-B470-E10695CE9A67}.Ad-Hoc|iPhoneSimulator.Build.0 = Ad-Hoc|iPhoneSimulator
		{FA8DD5E5-40B4-498C-B470-E10695CE9A67}.Ad-Hoc|x64.ActiveCfg = Ad-Hoc|iPhone
		{FA8DD5E5-40B4-498C-B470-E10695CE9A67}.Ad-Hoc|x86.ActiveCfg = Ad-Hoc|iPhone
		{FA8DD5E5-40B4-498C-B470-E10695CE9A67}.AppStore|Any CPU.ActiveCfg = AppStore|iPhone
		{FA8DD5E5-40B4-498C-B470-E10695CE9A67}.AppStore|ARM.ActiveCfg = AppStore|iPhone
		{FA8DD5E5-40B4-498C-B470-E10695CE9A67}.AppStore|iPhone.ActiveCfg = AppStore|iPhone
		{FA8DD5E5-40B4-498C-B470-E10695CE9A67}.AppStore|iPhone.Build.0 = AppStore|iPhone
		{FA8DD5E5-40B4-498C-B470-E10695CE9A67}.AppStore|iPhoneSimulator.ActiveCfg = AppStore|iPhoneSimulator
		{FA8DD5E5-40B4-498C-B470-E10695CE9A67}.AppStore|iPhoneSimulator.Build.0 = AppStore|iPhoneSimulator
		{FA8DD5E5-40B4-498C-B470-E10695CE9A67}.AppStore|x64.ActiveCfg = AppStore|iPhone
		{FA8DD5E5-40B4-498C-B470-E10695CE9A67}.AppStore|x86.ActiveCfg = AppStore|iPhone
		{FA8DD5E5-40B4-498C-B470-E10695CE9A67}.Debug|Any CPU.ActiveCfg = Debug|iPhone
		{FA8DD5E5-40B4-498C-B470-E10695CE9A67}.Debug|ARM.ActiveCfg = Debug|iPhone
		{FA8DD5E5-40B4-498C-B470-E10695CE9A67}.Debug|iPhone.ActiveCfg = Debug|iPhone
		{FA8DD5E5-40B4-498C-B470-E10695CE9A67}.Debug|iPhone.Build.0 = Debug|iPhone
		{FA8DD5E5-40B4-498C-B470-E10695CE9A67}.Debug|iPhoneSimulator.ActiveCfg = Debug|iPhoneSimulator
		{FA8DD5E5-40B4-498C-B470-E10695CE9A67}.Debug|iPhoneSimulator.Build.0 = Debug|iPhoneSimulator
		{FA8DD5E5-40B4-498C-B470-E10695CE9A67}.Debug|x64.ActiveCfg = Debug|iPhone
		{FA8DD5E5-40B4-498C-B470-E10695CE9A67}.Debug|x86.ActiveCfg = Debug|iPhone
		{FA8DD5E5-40B4-498C-B470-E10695CE9A67}.Release|Any CPU.ActiveCfg = Release|iPhone
		{FA8DD5E5-40B4-498C-B470-E10695CE9A67}.Release|ARM.ActiveCfg = Release|iPhone
		{FA8DD5E5-40B4-498C-B470-E10695CE9A67}.Release|iPhone.ActiveCfg = Release|iPhone
		{FA8DD5E5-40B4-498C-B470-E10695CE9A67}.Release|iPhone.Build.0 = Release|iPhone
		{FA8DD5E5-40B4-498C-B470-E10695CE9A67}.Release|iPhoneSimulator.ActiveCfg = Release|iPhoneSimulator
		{FA8DD5E5-40B4-498C-B470-E10695CE9A67}.Release|iPhoneSimulator.Build.0 = Release|iPhoneSimulator
		{FA8DD5E5-40B4-498C-B470-E10695CE9A67}.Release|x64.ActiveCfg = Release|iPhone
		{FA8DD5E5-40B4-498C-B470-E10695CE9A67}.Release|x86.ActiveCfg = Release|iPhone
		{EDC4F81D-55AE-481F-9397-F94F38363147}.Ad-Hoc|Any CPU.ActiveCfg = Release|x86
		{EDC4F81D-55AE-481F-9397-F94F38363147}.Ad-Hoc|Any CPU.Build.0 = Release|x86
		{EDC4F81D-55AE-481F-9397-F94F38363147}.Ad-Hoc|Any CPU.Deploy.0 = Release|x86
		{EDC4F81D-55AE-481F-9397-F94F38363147}.Ad-Hoc|ARM.ActiveCfg = Release|ARM
		{EDC4F81D-55AE-481F-9397-F94F38363147}.Ad-Hoc|ARM.Build.0 = Release|ARM
		{EDC4F81D-55AE-481F-9397-F94F38363147}.Ad-Hoc|ARM.Deploy.0 = Release|ARM
		{EDC4F81D-55AE-481F-9397-F94F38363147}.Ad-Hoc|iPhone.ActiveCfg = Release|x86
		{EDC4F81D-55AE-481F-9397-F94F38363147}.Ad-Hoc|iPhone.Build.0 = Release|x86
		{EDC4F81D-55AE-481F-9397-F94F38363147}.Ad-Hoc|iPhone.Deploy.0 = Release|x86
		{EDC4F81D-55AE-481F-9397-F94F38363147}.Ad-Hoc|iPhoneSimulator.ActiveCfg = Release|x86
		{EDC4F81D-55AE-481F-9397-F94F38363147}.Ad-Hoc|iPhoneSimulator.Build.0 = Release|x86
		{EDC4F81D-55AE-481F-9397-F94F38363147}.Ad-Hoc|iPhoneSimulator.Deploy.0 = Release|x86
		{EDC4F81D-55AE-481F-9397-F94F38363147}.Ad-Hoc|x64.ActiveCfg = Release|x64
		{EDC4F81D-55AE-481F-9397-F94F38363147}.Ad-Hoc|x64.Build.0 = Release|x64
		{EDC4F81D-55AE-481F-9397-F94F38363147}.Ad-Hoc|x64.Deploy.0 = Release|x64
		{EDC4F81D-55AE-481F-9397-F94F38363147}.Ad-Hoc|x86.ActiveCfg = Release|x86
		{EDC4F81D-55AE-481F-9397-F94F38363147}.Ad-Hoc|x86.Build.0 = Release|x86
		{EDC4F81D-55AE-481F-9397-F94F38363147}.Ad-Hoc|x86.Deploy.0 = Release|x86
		{EDC4F81D-55AE-481F-9397-F94F38363147}.AppStore|Any CPU.ActiveCfg = Release|x86
		{EDC4F81D-55AE-481F-9397-F94F38363147}.AppStore|Any CPU.Build.0 = Release|x86
		{EDC4F81D-55AE-481F-9397-F94F38363147}.AppStore|Any CPU.Deploy.0 = Release|x86
		{EDC4F81D-55AE-481F-9397-F94F38363147}.AppStore|ARM.ActiveCfg = Release|ARM
		{EDC4F81D-55AE-481F-9397-F94F38363147}.AppStore|ARM.Build.0 = Release|ARM
		{EDC4F81D-55AE-481F-9397-F94F38363147}.AppStore|ARM.Deploy.0 = Release|ARM
		{EDC4F81D-55AE-481F-9397-F94F38363147}.AppStore|iPhone.ActiveCfg = Release|x86
		{EDC4F81D-55AE-481F-9397-F94F38363147}.AppStore|iPhone.Build.0 = Release|x86
		{EDC4F81D-55AE-481F-9397-F94F38363147}.AppStore|iPhone.Deploy.0 = Release|x86
		{EDC4F81D-55AE-481F-9397-F94F38363147}.AppStore|iPhoneSimulator.ActiveCfg = Release|x86
		{EDC4F81D-55AE-481F-9397-F94F38363147}.AppStore|iPhoneSimulator.Build.0 = Release|x86
		{EDC4F81D-55AE-481F-9397-F94F38363147}.AppStore|iPhoneSimulator.Deploy.0 = Release|x86
		{EDC4F81D-55AE-481F-9397-F94F38363147}.AppStore|x64.ActiveCfg = Release|x64
		{EDC4F81D-55AE-481F-9397-F94F38363147}.AppStore|x64.Build.0 = Release|x64
		{EDC4F81D-55AE-481F-9397-F94F38363147}.AppStore|x64.Deploy.0 = Release|x64
		{EDC4F81D-55AE-481F-9397-F94F38363147}.AppStore|x86.ActiveCfg = Release|x86
		{EDC4F81D-55AE-481F-9397-F94F38363147}.AppStore|x86.Build.0 = Release|x86
		{EDC4F81D-55AE-481F-9397-F94F38363147}.AppStore|x86.Deploy.0 = Release|x86
		{EDC4F81D-55AE-481F-9397-F94F38363147}.Debug|Any CPU.ActiveCfg = Debug|x86
		{EDC4F81D-55AE-481F-9397-F94F38363147}.Debug|ARM.ActiveCfg = Debug|ARM
		{EDC4F81D-55AE-481F-9397-F94F38363147}.Debug|ARM.Build.0 = Debug|ARM
		{EDC4F81D-55AE-481F-9397-F94F38363147}.Debug|ARM.Deploy.0 = Debug|ARM
		{EDC4F81D-55AE-481F-9397-F94F38363147}.Debug|iPhone.ActiveCfg = Debug|x86
		{EDC4F81D-55AE-481F-9397-F94F38363147}.Debug|iPhoneSimulator.ActiveCfg = Debug|x86
		{EDC4F81D-55AE-481F-9397-F94F38363147}.Debug|x64.ActiveCfg = Debug|x64
		{EDC4F81D-55AE-481F-9397-F94F38363147}.Debug|x64.Build.0 = Debug|x64
		{EDC4F81D-55AE-481F-9397-F94F38363147}.Debug|x64.Deploy.0 = Debug|x64
		{EDC4F81D-55AE-481F-9397-F94F38363147}.Debug|x86.ActiveCfg = Debug|x86
		{EDC4F81D-55AE-481F-9397-F94F38363147}.Debug|x86.Build.0 = Debug|x86
		{EDC4F81D-55AE-481F-9397-F94F38363147}.Debug|x86.Deploy.0 = Debug|x86
		{EDC4F81D-55AE-481F-9397-F94F38363147}.Release|Any CPU.ActiveCfg = Release|x86
		{EDC4F81D-55AE-481F-9397-F94F38363147}.Release|ARM.ActiveCfg = Release|ARM
		{EDC4F81D-55AE-481F-9397-F94F38363147}.Release|ARM.Build.0 = Release|ARM
		{EDC4F81D-55AE-481F-9397-F94F38363147}.Release|ARM.Deploy.0 = Release|ARM
		{EDC4F81D-55AE-481F-9397-F94F38363147}.Release|iPhone.ActiveCfg = Release|x86
		{EDC4F81D-55AE-481F-9397-F94F38363147}.Release|iPhoneSimulator.ActiveCfg = Release|x86
		{EDC4F81D-55AE-481F-9397-F94F38363147}.Release|x64.ActiveCfg = Release|x64
		{EDC4F81D-55AE-481F-9397-F94F38363147}.Release|x64.Build.0 = Release|x64
		{EDC4F81D-55AE-481F-9397-F94F38363147}.Release|x64.Deploy.0 = Release|x64
		{EDC4F81D-55AE-481F-9397-F94F38363147}.Release|x86.ActiveCfg = Release|x86
		{EDC4F81D-55AE-481F-9397-F94F38363147}.Release|x86.Build.0 = Release|x86
		{EDC4F81D-55AE-481F-9397-F94F38363147}.Release|x86.Deploy.0 = Release|x86
		{9FFDA83B-86DB-4216-A04F-4FA35DBCE6C0}.Ad-Hoc|Any CPU.ActiveCfg = Debug|Any CPU
		{9FFDA83B-86DB-4216-A04F-4FA35DBCE6C0}.Ad-Hoc|Any CPU.Build.0 = Debug|Any CPU
		{9FFDA83B-86DB-4216-A04F-4FA35DBCE6C0}.Ad-Hoc|ARM.ActiveCfg = Debug|Any CPU
		{9FFDA83B-86DB-4216-A04F-4FA35DBCE6C0}.Ad-Hoc|ARM.Build.0 = Debug|Any CPU
		{9FFDA83B-86DB-4216-A04F-4FA35DBCE6C0}.Ad-Hoc|iPhone.ActiveCfg = Debug|Any CPU
		{9FFDA83B-86DB-4216-A04F-4FA35DBCE6C0}.Ad-Hoc|iPhone.Build.0 = Debug|Any CPU
		{9FFDA83B-86DB-4216-A04F-4FA35DBCE6C0}.Ad-Hoc|iPhoneSimulator.ActiveCfg = Debug|Any CPU
		{9FFDA83B-86DB-4216-A04F-4FA35DBCE6C0}.Ad-Hoc|iPhoneSimulator.Build.0 = Debug|Any CPU
		{9FFDA83B-86DB-4216-A04F-4FA35DBCE6C0}.Ad-Hoc|x64.ActiveCfg = Debug|Any CPU
		{9FFDA83B-86DB-4216-A04F-4FA35DBCE6C0}.Ad-Hoc|x64.Build.0 = Debug|Any CPU
		{9FFDA83B-86DB-4216-A04F-4FA35DBCE6C0}.Ad-Hoc|x86.ActiveCfg = Debug|Any CPU
		{9FFDA83B-86DB-4216-A04F-4FA35DBCE6C0}.Ad-Hoc|x86.Build.0 = Debug|Any CPU
		{9FFDA83B-86DB-4216-A04F-4FA35DBCE6C0}.AppStore|Any CPU.ActiveCfg = Debug|Any CPU
		{9FFDA83B-86DB-4216-A04F-4FA35DBCE6C0}.AppStore|Any CPU.Build.0 = Debug|Any CPU
		{9FFDA83B-86DB-4216-A04F-4FA35DBCE6C0}.AppStore|ARM.ActiveCfg = Debug|Any CPU
		{9FFDA83B-86DB-4216-A04F-4FA35DBCE6C0}.AppStore|ARM.Build.0 = Debug|Any CPU
		{9FFDA83B-86DB-4216-A04F-4FA35DBCE6C0}.AppStore|iPhone.ActiveCfg = Debug|Any CPU
		{9FFDA83B-86DB-4216-A04F-4FA35DBCE6C0}.AppStore|iPhone.Build.0 = Debug|Any CPU
		{9FFDA83B-86DB-4216-A04F-4FA35DBCE6C0}.AppStore|iPhoneSimulator.ActiveCfg = Debug|Any CPU
		{9FFDA83B-86DB-4216-A04F-4FA35DBCE6C0}.AppStore|iPhoneSimulator.Build.0 = Debug|Any CPU
		{9FFDA83B-86DB-4216-A04F-4FA35DBCE6C0}.AppStore|x64.ActiveCfg = Debug|Any CPU
		{9FFDA83B-86DB-4216-A04F-4FA35DBCE6C0}.AppStore|x64.Build.0 = Debug|Any CPU
		{9FFDA83B-86DB-4216-A04F-4FA35DBCE6C0}.AppStore|x86.ActiveCfg = Debug|Any CPU
		{9FFDA83B-86DB-4216-A04F-4FA35DBCE6C0}.AppStore|x86.Build.0 = Debug|Any CPU
		{9FFDA83B-86DB-4216-A04F-4FA35DBCE6C0}.Debug|Any CPU.ActiveCfg = Debug|Any CPU
		{9FFDA83B-86DB-4216-A04F-4FA35DBCE6C0}.Debug|Any CPU.Build.0 = Debug|Any CPU
		{9FFDA83B-86DB-4216-A04F-4FA35DBCE6C0}.Debug|ARM.ActiveCfg = Debug|Any CPU
		{9FFDA83B-86DB-4216-A04F-4FA35DBCE6C0}.Debug|ARM.Build.0 = Debug|Any CPU
		{9FFDA83B-86DB-4216-A04F-4FA35DBCE6C0}.Debug|iPhone.ActiveCfg = Debug|Any CPU
		{9FFDA83B-86DB-4216-A04F-4FA35DBCE6C0}.Debug|iPhone.Build.0 = Debug|Any CPU
		{9FFDA83B-86DB-4216-A04F-4FA35DBCE6C0}.Debug|iPhoneSimulator.ActiveCfg = Debug|Any CPU
		{9FFDA83B-86DB-4216-A04F-4FA35DBCE6C0}.Debug|iPhoneSimulator.Build.0 = Debug|Any CPU
		{9FFDA83B-86DB-4216-A04F-4FA35DBCE6C0}.Debug|x64.ActiveCfg = Debug|Any CPU
		{9FFDA83B-86DB-4216-A04F-4FA35DBCE6C0}.Debug|x64.Build.0 = Debug|Any CPU
		{9FFDA83B-86DB-4216-A04F-4FA35DBCE6C0}.Debug|x86.ActiveCfg = Debug|Any CPU
		{9FFDA83B-86DB-4216-A04F-4FA35DBCE6C0}.Debug|x86.Build.0 = Debug|Any CPU
		{9FFDA83B-86DB-4216-A04F-4FA35DBCE6C0}.Release|Any CPU.ActiveCfg = Release|Any CPU
		{9FFDA83B-86DB-4216-A04F-4FA35DBCE6C0}.Release|Any CPU.Build.0 = Release|Any CPU
		{9FFDA83B-86DB-4216-A04F-4FA35DBCE6C0}.Release|ARM.ActiveCfg = Release|Any CPU
		{9FFDA83B-86DB-4216-A04F-4FA35DBCE6C0}.Release|ARM.Build.0 = Release|Any CPU
		{9FFDA83B-86DB-4216-A04F-4FA35DBCE6C0}.Release|iPhone.ActiveCfg = Release|Any CPU
		{9FFDA83B-86DB-4216-A04F-4FA35DBCE6C0}.Release|iPhone.Build.0 = Release|Any CPU
		{9FFDA83B-86DB-4216-A04F-4FA35DBCE6C0}.Release|iPhoneSimulator.ActiveCfg = Release|Any CPU
		{9FFDA83B-86DB-4216-A04F-4FA35DBCE6C0}.Release|iPhoneSimulator.Build.0 = Release|Any CPU
		{9FFDA83B-86DB-4216-A04F-4FA35DBCE6C0}.Release|x64.ActiveCfg = Release|Any CPU
		{9FFDA83B-86DB-4216-A04F-4FA35DBCE6C0}.Release|x64.Build.0 = Release|Any CPU
		{9FFDA83B-86DB-4216-A04F-4FA35DBCE6C0}.Release|x86.ActiveCfg = Release|Any CPU
		{9FFDA83B-86DB-4216-A04F-4FA35DBCE6C0}.Release|x86.Build.0 = Release|Any CPU
	EndGlobalSection
	GlobalSection(SolutionProperties) = preSolution
		HideSolutionNode = FALSE
	EndGlobalSection
	GlobalSection(ExtensibilityGlobals) = postSolution
		SolutionGuid = {BE946DA3-2E7B-4407-BEE3-F49F0C61D7F0}
	EndGlobalSection
EndGlobal
